
Microsoft Visual Studio Solution File, Format Version 12.00
# Visual Studio Version 16
VisualStudioVersion = 16.0.30413.136
MinimumVisualStudioVersion = 10.0.40219.1
Project("{FAE04EC0-301F-11D3-BF4B-00C04F79EFBC}") = "Klasy", "Klasy\Klasy.csproj", "{AF74A5DF-973D-48A1-9942-E00FAAD78443}"
EndProject
Project("{FAE04EC0-301F-11D3-BF4B-00C04F79EFBC}") = "MiniShop", "MiniShop\MiniShop.csproj", "{C5D820FB-15F1-40B0-BECB-900874188785}"
EndProject
Project("{FAE04EC0-301F-11D3-BF4B-00C04F79EFBC}") = "OOP", "OOP\OOP.csproj", "{371B054C-FB20-4F48-A346-0D95A24047E3}"
EndProject
Global
	GlobalSection(SolutionConfigurationPlatforms) = preSolution
		Debug|Any CPU = Debug|Any CPU
		Release|Any CPU = Release|Any CPU
	EndGlobalSection
	GlobalSection(ProjectConfigurationPlatforms) = postSolution
		{AF74A5DF-973D-48A1-9942-E00FAAD78443}.Debug|Any CPU.ActiveCfg = Debug|Any CPU
		{AF74A5DF-973D-48A1-9942-E00FAAD78443}.Debug|Any CPU.Build.0 = Debug|Any CPU
		{AF74A5DF-973D-48A1-9942-E00FAAD78443}.Release|Any CPU.ActiveCfg = Release|Any CPU
		{AF74A5DF-973D-48A1-9942-E00FAAD78443}.Release|Any CPU.Build.0 = Release|Any CPU
		{C5D820FB-15F1-40B0-BECB-900874188785}.Debug|Any CPU.ActiveCfg = Debug|Any CPU
		{C5D820FB-15F1-40B0-BECB-900874188785}.Debug|Any CPU.Build.0 = Debug|Any CPU
		{C5D820FB-15F1-40B0-BECB-900874188785}.Release|Any CPU.ActiveCfg = Release|Any CPU
		{C5D820FB-15F1-40B0-BECB-900874188785}.Release|Any CPU.Build.0 = Release|Any CPU
		{371B054C-FB20-4F48-A346-0D95A24047E3}.Debug|Any CPU.ActiveCfg = Debug|Any CPU
		{371B054C-FB20-4F48-A346-0D95A24047E3}.Debug|Any CPU.Build.0 = Debug|Any CPU
		{371B054C-FB20-4F48-A346-0D95A24047E3}.Release|Any CPU.ActiveCfg = Release|Any CPU
		{371B054C-FB20-4F48-A346-0D95A24047E3}.Release|Any CPU.Build.0 = Release|Any CPU
	EndGlobalSection
	GlobalSection(SolutionProperties) = preSolution
		HideSolutionNode = FALSE
	EndGlobalSection
	GlobalSection(ExtensibilityGlobals) = postSolution
		SolutionGuid = {FF6C2175-4C19-444D-9197-8B164C89B813}
	EndGlobalSection
EndGlobal
